{
  "name": "honkit-plugin-bibtex-quote",
  "version": "1.0.3",
  "lockfileVersion": 2,
  "requires": true,
  "packages": {
    "": {
      "name": "honkit-plugin-bibtex-quote",
      "version": "1.0.3",
      "license": "MIT",
      "dependencies": {
        "bibtex-parser-js": "0.0.2",
        "lodash": "^4.0.0"
      },
      "devDependencies": {},
      "engines": {
        "honkit": ">2.x.x"
      }
    },
    "node_modules/bibtex-parser-js": {
      "version": "0.0.2",
      "resolved": "https://registry.npmjs.org/bibtex-parser-js/-/bibtex-parser-js-0.0.2.tgz",
      "integrity": "sha512-vd6wktUeJTAjIqKE3pornTXJApKou38zODuX/MlM0Hl5Tf9fd1hl9KvGJcPqJ+rTU4ODEdD7SchkjBNJ/iFo1A=="
    },
    "node_modules/lodash": {
      "version": "4.17.21",
      "resolved": "https://registry.npmjs.org/lodash/-/lodash-4.17.21.tgz",
      "integrity": "sha512-v2kDEe57lecTulaDIuNTPy3Ry4gLGJ6Z1O3vE1krgXZNrsQ+LFTGHVxVjcXPs17LhbZVGedAJv8XZ1tvj5FvSg=="
    }
  },
  "dependencies": {
    "bibtex-parser-js": {
      "version": "0.0.2",
      "resolved": "https://registry.npmjs.org/bibtex-parser-js/-/bibtex-parser-js-0.0.2.tgz",
      "integrity": "sha512-vd6wktUeJTAjIqKE3pornTXJApKou38zODuX/MlM0Hl5Tf9fd1hl9KvGJcPqJ+rTU4ODEdD7SchkjBNJ/iFo1A=="
    },
    "lodash": {
      "version": "4.17.21",
      "resolved": "https://registry.npmjs.org/lodash/-/lodash-4.17.21.tgz",
      "integrity": "sha512-v2kDEe57lecTulaDIuNTPy3Ry4gLGJ6Z1O3vE1krgXZNrsQ+LFTGHVxVjcXPs17LhbZVGedAJv8XZ1tvj5FvSg=="
    }
  }
}
